{
  "object": {
    "pins": [
      {
        "package": "EasyPlay",
        "repositoryURL": "https://github.com/koher/easy-play.git",
        "state": {
          "branch": null,
          "revision": "7ee731aa7b9d1c0fdf7f93a90f2d39fb10a4f73f",
          "version": "0.1.0-beta"
        }
      }
    ]
  },
  "version": 1
}
