{
  "object": {
    "pins": [
      {
        "package": "EasyPlay",
        "repositoryURL": "https://github.com/koher/easy-play.git",
        "state": {
          "branch": "dev",
          "revision": "62efa0aaed7ec189de593e66d87abad2733188c3",
          "version": null
        }
      }
    ]
  },
  "version": 1
}
