{
  "object": {
    "pins": [
      {
        "package": "EasyPlay",
        "repositoryURL": "https://github.com/koher/easy-play.git",
        "state": {
          "branch": "dev",
          "revision": "15f16b0e8308b2579db790cedaf5d8788206be84",
          "version": null
        }
      }
    ]
  },
  "version": 1
}
